{
  "requires": true,
  "lockfileVersion": 1,
  "dependencies": {
    "vue": {
      "version": "2.6.14",
      "resolved": "https://registry.npmjs.org/vue/-/vue-2.6.14.tgz",
      "integrity": "sha512-x2284lgYvjOMj3Za7kqzRcUSxBboHqtgRE2zlos1qWaOye5yUmHn42LB1250NJBLRwEcdrB0JRwyPTEPhfQjiQ=="
    },
    "vue-json-editor": {
      "version": "1.4.3",
      "resolved": "https://registry.npmjs.org/vue-json-editor/-/vue-json-editor-1.4.3.tgz",
      "integrity": "sha512-st9HdXBgCnyEmmfWrZQiKzp4KuYXzmYVUNDn5h6Fa18MrrGS1amnyUFyv7hQFsNBDW27B7BKkdGOqszYT1srAg==",
      "requires": {
        "vue": "^2.2.6"
      }
    }
  }
}
