{
  "requires": true,
  "lockfileVersion": 1,
  "dependencies": {
    "klona": {
      "version": "2.0.4",
      "resolved": "https://registry.npmjs.org/klona/-/klona-2.0.4.tgz",
      "integrity": "sha512-ZRbnvdg/NxqzC7L9Uyqzf4psi1OM4Cuc+sJAkQPjO6XkQIJTNbfK2Rsmbw8fx1p2mkZdp2FZYo2+LwXYY/uwIA=="
    },
    "less-loader": {
      "version": "10.0.1",
      "resolved": "https://registry.npmjs.org/less-loader/-/less-loader-10.0.1.tgz",
      "integrity": "sha512-Crln//HpW9M5CbtdfWm3IO66Cvx1WhZQvNybXgfB2dD/6Sav9ppw+IWqs/FQKPBFO4B6X0X28Z0WNznshgwUzA==",
      "requires": {
        "klona": "^2.0.4"
      }
    }
  }
}
